# THIS IS AN AUTOGENERATED FILE. DO NOT EDIT THIS FILE DIRECTLY.
# yarn lockfile v1


"@types/matter-js@^0.18.5":
  version "0.18.5"
  resolved "https://registry.yarnpkg.com/@types/matter-js/-/matter-js-0.18.5.tgz#61eec5ffdd0b45e7ef3e5b3a2db48bebea31d50b"
  integrity sha512-CV8m/FUmjmFNFcI7fUnsKcCLeqbf0kzWdKOTLGrpfKwWwrF6ggLaQlHNsg8267TkkiUAPoXY/7q6H9qwmR5TZg==

matter-js@^0.19.0:
  version "0.19.0"
  resolved "https://registry.yarnpkg.com/matter-js/-/matter-js-0.19.0.tgz#185e518146ae4fa20c33826ebc7e6e42685e3642"
  integrity sha512-v2huwvQGOHTGOkMqtHd2hercCG3f6QAObTisPPHg8TZqq2lz7eIY/5i/5YUV8Ibf3mEioFEmwibcPUF2/fnKKQ==

typescript@^5.1.6:
  version "5.1.6"
  resolved "https://registry.yarnpkg.com/typescript/-/typescript-5.1.6.tgz#02f8ac202b6dad2c0dd5e0913745b47a37998274"
  integrity sha512-zaWCozRZ6DLEWAWFrVDz1H6FVXzUSfTy5FUMWsQlU8Ym5JP9eO4xkTIROFCQvhQf61z6O/G6ugw3SgAnvvm+HA==
